<?xml version="1.0" encoding="utf-8"?>
<Project ToolsVersion="4.0" xmlns="http://schemas.microsoft.com/developer/msbuild/2003">
  <ItemGroup>
    <Filter Include="Common">
      <UniqueIdentifier>{00e41df7-f1e3-4d03-b6a2-089e12726e7b}</UniqueIdentifier>
    </Filter>
    <Filter Include="DirectXWrapper">
      <UniqueIdentifier>{7b083ae9-18b5-4f38-a998-454fbb35cc71}</UniqueIdentifier>
    </Filter>
    <Filter Include="RenderObject">
      <UniqueIdentifier>{b1cf14b7-27f9-4d32-95e1-a27f61cb8ab3}</UniqueIdentifier>
    </Filter>
    <Filter Include="RenderSystem">
      <UniqueIdentifier>{9e14388e-e535-43c8-9435-60b1926da196}</UniqueIdentifier>
    </Filter>
    <Filter Include="Header">
      <UniqueIdentifier>{47748222-3d51-48ec-a203-c2c06dca6187}</UniqueIdentifier>
    </Filter>
    <Filter Include="BuiltIn">
      <UniqueIdentifier>{789cc657-2b88-4dde-80e8-54a561c652cc}</UniqueIdentifier>
    </Filter>
    <Filter Include="BuiltIn\Shader">
      <UniqueIdentifier>{b1d8b4df-39e9-4584-85d6-6adc5f8af318}</UniqueIdentifier>
    </Filter>
    <Filter Include="BuiltIn\Shader\Terrain">
      <UniqueIdentifier>{0c296308-1259-463e-918a-c34d84eac3f1}</UniqueIdentifier>
    </Filter>
    <Filter Include="BuiltIn\Shader\Ssao">
      <UniqueIdentifier>{d1b92860-110e-494a-a1ea-d3c3ef65fde0}</UniqueIdentifier>
    </Filter>
    <Filter Include="BuiltIn\Shader\Sky">
      <UniqueIdentifier>{72ef1cfc-5aa4-4e91-9b89-3b13d99d34ff}</UniqueIdentifier>
    </Filter>
    <Filter Include="BuiltIn\Shader\Shadow">
      <UniqueIdentifier>{00a74f98-8366-42d7-9453-742ef3dc0992}</UniqueIdentifier>
    </Filter>
    <Filter Include="BuiltIn\Shader\Particle">
      <UniqueIdentifier>{00ad3547-5891-4eff-a50b-176b486a5e01}</UniqueIdentifier>
    </Filter>
    <Filter Include="BuiltIn\Shader\PostProcessing">
      <UniqueIdentifier>{2e0821d6-0b8d-411b-8c83-c1194a495eec}</UniqueIdentifier>
    </Filter>
    <Filter Include="BuiltIn\Shader\RenderObject">
      <UniqueIdentifier>{5c3befce-81ec-40f3-85fa-1eac7dae0ecf}</UniqueIdentifier>
    </Filter>
    <Filter Include="DirectXWrapper\Buffer">
      <UniqueIdentifier>{019cfe84-92b1-4cdd-a93b-b4eebc01be1a}</UniqueIdentifier>
    </Filter>
    <Filter Include="RenderObject\Resource">
      <UniqueIdentifier>{f427ee50-f815-4ab3-80f9-a559f45cba88}</UniqueIdentifier>
    </Filter>
    <Filter Include="RenderSystem\MainSystem">
      <UniqueIdentifier>{42125661-a457-41ca-abba-890258ea274f}</UniqueIdentifier>
    </Filter>
    <Filter Include="InterfaceClass">
      <UniqueIdentifier>{404ff26f-b453-444d-b28e-35d4fa51a5a6}</UniqueIdentifier>
    </Filter>
  </ItemGroup>
  <ItemGroup>
    <ClCompile Include="Util.cpp">
      <Filter>Common</Filter>
    </ClCompile>
    <ClCompile Include="MathHelper.cpp">
      <Filter>Common</Filter>
    </ClCompile>
    <ClCompile Include="GeometryGenerator.cpp">
      <Filter>Common</Filter>
    </ClCompile>
    <ClCompile Include="Texture.cpp">
      <Filter>DirectXWrapper</Filter>
    </ClCompile>
    <ClCompile Include="LightHelper.cpp">
      <Filter>Common</Filter>
    </ClCompile>
    <ClCompile Include="Camera.cpp">
      <Filter>Common</Filter>
    </ClCompile>
    <ClCompile Include="pch.cpp">
      <Filter>Header</Filter>
    </ClCompile>
    <ClCompile Include="ShaderPrograms.cpp">
      <Filter>BuiltIn</Filter>
    </ClCompile>
    <ClCompile Include="RenderStates.cpp">
      <Filter>BuiltIn</Filter>
    </ClCompile>
    <ClCompile Include="VertexTypes.cpp">
      <Filter>BuiltIn</Filter>
    </ClCompile>
    <ClCompile Include="RenderTarget.cpp">
      <Filter>DirectXWrapper</Filter>
    </ClCompile>
    <ClCompile Include="VertexBuffer.cpp">
      <Filter>DirectXWrapper\Buffer</Filter>
    </ClCompile>
    <ClCompile Include="ConstantBuffer.cpp">
      <Filter>DirectXWrapper\Buffer</Filter>
    </ClCompile>
    <ClCompile Include="IndexBuffer.cpp">
      <Filter>DirectXWrapper\Buffer</Filter>
    </ClCompile>
    <ClCompile Include="RenderManager.cpp">
      <Filter>RenderSystem\MainSystem</Filter>
    </ClCompile>
    <ClCompile Include="ResourceManager.cpp">
      <Filter>RenderSystem\MainSystem</Filter>
    </ClCompile>
    <ClCompile Include="Graphic.cpp">
      <Filter>RenderSystem\MainSystem</Filter>
    </ClCompile>
    <ClCompile Include="Animation.cpp">
      <Filter>RenderObject\Resource</Filter>
    </ClCompile>
    <ClCompile Include="Material.cpp">
      <Filter>RenderObject\Resource</Filter>
    </ClCompile>
    <ClCompile Include="Mesh.cpp">
      <Filter>RenderObject\Resource</Filter>
    </ClCompile>
    <ClCompile Include="Model.cpp">
      <Filter>RenderObject\Resource</Filter>
    </ClCompile>
    <ClCompile Include="IRenderable.cpp">
      <Filter>InterfaceClass</Filter>
    </ClCompile>
    <ClCompile Include="ConstantBuffers.cpp">
      <Filter>BuiltIn</Filter>
    </ClCompile>
  </ItemGroup>
  <ItemGroup>
    <ClInclude Include="MathHelper.h">
      <Filter>Common</Filter>
    </ClInclude>
    <ClInclude Include="Util.h">
      <Filter>Common</Filter>
    </ClInclude>
    <ClInclude Include="GeometryGenerator.h">
      <Filter>Common</Filter>
    </ClInclude>
    <ClInclude Include="Texture.h">
      <Filter>DirectXWrapper</Filter>
    </ClInclude>
    <ClInclude Include="LightHelper.h">
      <Filter>Common</Filter>
    </ClInclude>
    <ClInclude Include="Camera.h">
      <Filter>Common</Filter>
    </ClInclude>
    <ClInclude Include="pch.h">
      <Filter>Header</Filter>
    </ClInclude>
    <ClInclude Include="RenderStates.h">
      <Filter>BuiltIn</Filter>
    </ClInclude>
    <ClInclude Include="ShaderPrograms.h">
      <Filter>BuiltIn</Filter>
    </ClInclude>
    <ClInclude Include="RenderTarget.h">
      <Filter>DirectXWrapper</Filter>
    </ClInclude>
    <ClInclude Include="VertexBuffer.h">
      <Filter>DirectXWrapper\Buffer</Filter>
    </ClInclude>
    <ClInclude Include="ConstantBuffer.h">
      <Filter>DirectXWrapper\Buffer</Filter>
    </ClInclude>
    <ClInclude Include="IndexBuffer.h">
      <Filter>DirectXWrapper\Buffer</Filter>
    </ClInclude>
    <ClInclude Include="ResourceManager.h">
      <Filter>RenderSystem\MainSystem</Filter>
    </ClInclude>
    <ClInclude Include="RenderManager.h">
      <Filter>RenderSystem\MainSystem</Filter>
    </ClInclude>
    <ClInclude Include="Graphic.h">
      <Filter>RenderSystem\MainSystem</Filter>
    </ClInclude>
    <ClInclude Include="Animation.h">
      <Filter>RenderObject\Resource</Filter>
    </ClInclude>
    <ClInclude Include="Material.h">
      <Filter>RenderObject\Resource</Filter>
    </ClInclude>
    <ClInclude Include="VertexTypes.h">
      <Filter>BuiltIn</Filter>
    </ClInclude>
    <ClInclude Include="Mesh.h">
      <Filter>RenderObject\Resource</Filter>
    </ClInclude>
    <ClInclude Include="Model.h">
      <Filter>RenderObject\Resource</Filter>
    </ClInclude>
    <ClInclude Include="Define.h">
      <Filter>Header</Filter>
    </ClInclude>
    <ClInclude Include="IRenderable.h">
      <Filter>InterfaceClass</Filter>
    </ClInclude>
    <ClInclude Include="ConstantBuffers.h">
      <Filter>BuiltIn</Filter>
    </ClInclude>
  </ItemGroup>
  <ItemGroup>
    <FxCompile Include="TestVS.hlsl">
      <Filter>BuiltIn\Shader</Filter>
    </FxCompile>
    <FxCompile Include="TestPS.hlsl">
      <Filter>BuiltIn\Shader</Filter>
    </FxCompile>
    <FxCompile Include="TerrainVS.hlsl">
      <Filter>BuiltIn\Shader\Terrain</Filter>
    </FxCompile>
    <FxCompile Include="TerrainHS.hlsl">
      <Filter>BuiltIn\Shader\Terrain</Filter>
    </FxCompile>
    <FxCompile Include="TerrainPS.hlsl">
      <Filter>BuiltIn\Shader\Terrain</Filter>
    </FxCompile>
    <FxCompile Include="TerrainDS.hlsl">
      <Filter>BuiltIn\Shader\Terrain</Filter>
    </FxCompile>
    <FxCompile Include="NormalMapVS.hlsl">
      <Filter>BuiltIn\Shader\Ssao</Filter>
    </FxCompile>
    <FxCompile Include="NormalMapPS.hlsl">
      <Filter>BuiltIn\Shader\Ssao</Filter>
    </FxCompile>
    <FxCompile Include="SsaoBlurVS.hlsl">
      <Filter>BuiltIn\Shader\Ssao</Filter>
    </FxCompile>
    <FxCompile Include="SsaoBlurPS.hlsl">
      <Filter>BuiltIn\Shader\Ssao</Filter>
    </FxCompile>
    <FxCompile Include="SsaoVS.hlsl">
      <Filter>BuiltIn\Shader\Ssao</Filter>
    </FxCompile>
    <FxCompile Include="SsaoPS.hlsl">
      <Filter>BuiltIn\Shader\Ssao</Filter>
    </FxCompile>
    <FxCompile Include="ShadowMapVS.hlsl">
      <Filter>BuiltIn\Shader\Shadow</Filter>
    </FxCompile>
    <FxCompile Include="ShadowMapPS.hlsl">
      <Filter>BuiltIn\Shader\Shadow</Filter>
    </FxCompile>
    <FxCompile Include="SkyPS.hlsl">
      <Filter>BuiltIn\Shader\Sky</Filter>
    </FxCompile>
    <FxCompile Include="SkyVS.hlsl">
      <Filter>BuiltIn\Shader\Sky</Filter>
    </FxCompile>
    <FxCompile Include="ParticleStreamOutVS.hlsl">
      <Filter>BuiltIn\Shader\Particle</Filter>
    </FxCompile>
    <FxCompile Include="ParticleStreamOutGS.hlsl">
      <Filter>BuiltIn\Shader\Particle</Filter>
    </FxCompile>
    <FxCompile Include="ParticleDrawVS.hlsl">
      <Filter>BuiltIn\Shader\Particle</Filter>
    </FxCompile>
    <FxCompile Include="ParticleDrawGS.hlsl">
      <Filter>BuiltIn\Shader\Particle</Filter>
    </FxCompile>
    <FxCompile Include="ParticleDrawPS.hlsl">
      <Filter>BuiltIn\Shader\Particle</Filter>
    </FxCompile>
    <FxCompile Include="BasicModelVS.hlsl">
      <Filter>BuiltIn\Shader\RenderObject</Filter>
    </FxCompile>
    <FxCompile Include="LegacyModelPS.hlsl">
      <Filter>BuiltIn\Shader\RenderObject</Filter>
    </FxCompile>
    <FxCompile Include="SkinnedModelVS.hlsl">
      <Filter>BuiltIn\Shader\RenderObject</Filter>
    </FxCompile>
    <FxCompile Include="PBRModelPS.hlsl">
      <Filter>BuiltIn\Shader\RenderObject</Filter>
    </FxCompile>
  </ItemGroup>
  <ItemGroup>
    <None Include="Terrain.hlsli">
      <Filter>BuiltIn\Shader\Terrain</Filter>
    </None>
    <None Include="LightHelper.hlsli">
      <Filter>BuiltIn\Shader</Filter>
    </None>
  </ItemGroup>
</Project>