<?xml version="1.0" encoding="utf-8"?>
<Project ToolsVersion="4.0" xmlns="http://schemas.microsoft.com/developer/msbuild/2003">
  <ItemGroup>
    <Filter Include="Shader">
      <UniqueIdentifier>{b00d6bb8-36c9-4140-b5e0-a2e6b2901e21}</UniqueIdentifier>
    </Filter>
    <Filter Include="Bindable">
      <UniqueIdentifier>{cf6b7e70-bb04-48b7-9478-3c5026ab74a2}</UniqueIdentifier>
    </Filter>
    <Filter Include="Bindable\Private">
      <UniqueIdentifier>{d48a3bff-c40f-40a3-b1c9-c4c5ea2c616a}</UniqueIdentifier>
    </Filter>
    <Filter Include="Drawable">
      <UniqueIdentifier>{024ea8d0-006b-4ded-95ea-f27e47f52142}</UniqueIdentifier>
    </Filter>
    <Filter Include="Drawable\Private">
      <UniqueIdentifier>{6e7da561-f044-4d66-bd49-3d874bf064e3}</UniqueIdentifier>
    </Filter>
    <Filter Include="Geometry">
      <UniqueIdentifier>{916376c9-5d3e-4756-91e4-e8c96b4a4f14}</UniqueIdentifier>
    </Filter>
    <Filter Include="Model">
      <UniqueIdentifier>{c5e748b0-9254-461b-b0bc-214586507b30}</UniqueIdentifier>
    </Filter>
    <Filter Include="Jobber">
      <UniqueIdentifier>{71216bda-71be-4762-8af7-f2038883fe54}</UniqueIdentifier>
    </Filter>
    <Filter Include="Jobber\Private">
      <UniqueIdentifier>{168065d0-7a62-4a34-a0a1-a511d3e0d9cd}</UniqueIdentifier>
    </Filter>
    <Filter Include="Common">
      <UniqueIdentifier>{2a3e6aa1-41f1-4232-b4a2-7fc5e81c5791}</UniqueIdentifier>
    </Filter>
    <Filter Include="Common\Private">
      <UniqueIdentifier>{65eaa443-27cf-46b9-a587-bf60e9e069b0}</UniqueIdentifier>
    </Filter>
    <Filter Include="Model\Private">
      <UniqueIdentifier>{cce81e58-4c80-4d1a-83a1-8d35bad6a091}</UniqueIdentifier>
    </Filter>
    <Filter Include="Geometry\Private">
      <UniqueIdentifier>{a18b03bb-051c-4193-a1fd-41172ec4f31e}</UniqueIdentifier>
    </Filter>
    <Filter Include="Jobber\Pass">
      <UniqueIdentifier>{509e5167-413a-4a71-8046-2a07e88084bf}</UniqueIdentifier>
    </Filter>
    <Filter Include="Jobber\RenderGraph">
      <UniqueIdentifier>{6cd7eb3a-f5be-4239-a25e-8442028ae999}</UniqueIdentifier>
    </Filter>
  </ItemGroup>
  <ItemGroup>
    <ClInclude Include="BindableResourceManager.h">
      <Filter>Bindable</Filter>
    </ClInclude>
    <ClInclude Include="Texture.h">
      <Filter>Bindable</Filter>
    </ClInclude>
    <ClInclude Include="InputLayout.h">
      <Filter>Bindable</Filter>
    </ClInclude>
    <ClInclude Include="Topology.h">
      <Filter>Bindable</Filter>
    </ClInclude>
    <ClInclude Include="ConstantBuffer.h">
      <Filter>Bindable</Filter>
    </ClInclude>
    <ClInclude Include="IndexBuffer.h">
      <Filter>Bindable</Filter>
    </ClInclude>
    <ClInclude Include="VertexBuffer.h">
      <Filter>Bindable</Filter>
    </ClInclude>
    <ClInclude Include="PixelShader.h">
      <Filter>Bindable</Filter>
    </ClInclude>
    <ClInclude Include="VertexShader.h">
      <Filter>Bindable</Filter>
    </ClInclude>
    <ClInclude Include="Rasterizer.h">
      <Filter>Bindable</Filter>
    </ClInclude>
    <ClInclude Include="Sampler.h">
      <Filter>Bindable</Filter>
    </ClInclude>
    <ClInclude Include="Stencil.h">
      <Filter>Bindable</Filter>
    </ClInclude>
    <ClInclude Include="BindableCommon.h">
      <Filter>Bindable</Filter>
    </ClInclude>
    <ClInclude Include="Blender.h">
      <Filter>Bindable</Filter>
    </ClInclude>
    <ClInclude Include="TestCube.h">
      <Filter>Drawable</Filter>
    </ClInclude>
    <ClInclude Include="TestPlane.h">
      <Filter>Drawable</Filter>
    </ClInclude>
    <ClInclude Include="Cube.h">
      <Filter>Geometry</Filter>
    </ClInclude>
    <ClInclude Include="BufferResource.h">
      <Filter>Bindable</Filter>
    </ClInclude>
    <ClInclude Include="ConstantBufferEx.h">
      <Filter>Bindable</Filter>
    </ClInclude>
    <ClInclude Include="Graphics.h">
      <Filter>Common</Filter>
    </ClInclude>
    <ClInclude Include="GraphicsResource.h">
      <Filter>Common</Filter>
    </ClInclude>
    <ClInclude Include="Util.h">
      <Filter>Common</Filter>
    </ClInclude>
    <ClInclude Include="DepthStencil.h">
      <Filter>Bindable</Filter>
    </ClInclude>
    <ClInclude Include="RenderTarget.h">
      <Filter>Bindable</Filter>
    </ClInclude>
    <ClInclude Include="TransformCbufScaling.h">
      <Filter>Bindable</Filter>
    </ClInclude>
    <ClInclude Include="Material.h">
      <Filter>Model</Filter>
    </ClInclude>
    <ClInclude Include="Mesh.h">
      <Filter>Model</Filter>
    </ClInclude>
    <ClInclude Include="Model.h">
      <Filter>Model</Filter>
    </ClInclude>
    <ClInclude Include="ModelProbe.h">
      <Filter>Model</Filter>
    </ClInclude>
    <ClInclude Include="Node.h">
      <Filter>Model</Filter>
    </ClInclude>
    <ClInclude Include="Job.h">
      <Filter>Jobber</Filter>
    </ClInclude>
    <ClInclude Include="Step.h">
      <Filter>Jobber</Filter>
    </ClInclude>
    <ClInclude Include="StepLinkingProbe.h">
      <Filter>Jobber</Filter>
    </ClInclude>
    <ClInclude Include="Technique.h">
      <Filter>Jobber</Filter>
    </ClInclude>
    <ClInclude Include="TechniqueProbe.h">
      <Filter>Jobber</Filter>
    </ClInclude>
    <ClInclude Include="DynamicConstant.h">
      <Filter>Common</Filter>
    </ClInclude>
    <ClInclude Include="LayoutCodex.h">
      <Filter>Common</Filter>
    </ClInclude>
    <ClInclude Include="Vertex.h">
      <Filter>Common</Filter>
    </ClInclude>
    <ClInclude Include="IBindable.h">
      <Filter>Bindable</Filter>
    </ClInclude>
    <ClInclude Include="IDrawable.h">
      <Filter>Drawable</Filter>
    </ClInclude>
    <ClInclude Include="pch.h">
      <Filter>Common</Filter>
    </ClInclude>
    <ClInclude Include="SweetRedBean.h">
      <Filter>Common</Filter>
    </ClInclude>
    <ClInclude Include="Camera.h">
      <Filter>Common</Filter>
    </ClInclude>
    <ClInclude Include="Sphere.h">
      <Filter>Geometry</Filter>
    </ClInclude>
    <ClInclude Include="IndexedTriangleList.h">
      <Filter>Geometry</Filter>
    </ClInclude>
    <ClInclude Include="Plane.h">
      <Filter>Geometry</Filter>
    </ClInclude>
    <ClInclude Include="NullPixelShader.h">
      <Filter>Bindable</Filter>
    </ClInclude>
    <ClInclude Include="TransformCbuf.h">
      <Filter>Bindable</Filter>
    </ClInclude>
    <ClInclude Include="RenderGraph.h">
      <Filter>Jobber</Filter>
    </ClInclude>
    <ClInclude Include="BindingPass.h">
      <Filter>Jobber</Filter>
    </ClInclude>
    <ClInclude Include="FullscreenPass.h">
      <Filter>Jobber</Filter>
    </ClInclude>
    <ClInclude Include="Pass.h">
      <Filter>Jobber</Filter>
    </ClInclude>
    <ClInclude Include="RenderQueuePass.h">
      <Filter>Jobber</Filter>
    </ClInclude>
    <ClInclude Include="Sink.h">
      <Filter>Jobber</Filter>
    </ClInclude>
    <ClInclude Include="Source.h">
      <Filter>Jobber</Filter>
    </ClInclude>
    <ClInclude Include="Surface.h">
      <Filter>Common</Filter>
    </ClInclude>
    <ClInclude Include="BlurOutlineDrawingPass.h">
      <Filter>Jobber\Pass</Filter>
    </ClInclude>
    <ClInclude Include="BufferClearPass.h">
      <Filter>Jobber\Pass</Filter>
    </ClInclude>
    <ClInclude Include="HorizontalBlurPass.h">
      <Filter>Jobber\Pass</Filter>
    </ClInclude>
    <ClInclude Include="LambertianPass.h">
      <Filter>Jobber\Pass</Filter>
    </ClInclude>
    <ClInclude Include="OutlineDrawingPass.h">
      <Filter>Jobber\Pass</Filter>
    </ClInclude>
    <ClInclude Include="OutlineMaskGenerationPass.h">
      <Filter>Jobber\Pass</Filter>
    </ClInclude>
    <ClInclude Include="VerticalBlurPass.h">
      <Filter>Jobber\Pass</Filter>
    </ClInclude>
    <ClInclude Include="BlurOutlineRenderGraph.h">
      <Filter>Jobber\RenderGraph</Filter>
    </ClInclude>
    <ClInclude Include="ScaleOutlineRenderGraph.h">
      <Filter>Jobber\RenderGraph</Filter>
    </ClInclude>
    <ClInclude Include="SolidSphere.h">
      <Filter>Drawable</Filter>
    </ClInclude>
    <ClInclude Include="MathUtil.h">
      <Filter>Common</Filter>
    </ClInclude>
    <ClInclude Include="PointLight.h">
      <Filter>Common</Filter>
    </ClInclude>
  </ItemGroup>
  <ItemGroup>
    <ClCompile Include="Topology.cpp">
      <Filter>Bindable\Private</Filter>
    </ClCompile>
    <ClCompile Include="InputLayout.cpp">
      <Filter>Bindable\Private</Filter>
    </ClCompile>
    <ClCompile Include="Blender.cpp">
      <Filter>Bindable\Private</Filter>
    </ClCompile>
    <ClCompile Include="ConstantBuffer.cpp">
      <Filter>Bindable\Private</Filter>
    </ClCompile>
    <ClCompile Include="IndexBuffer.cpp">
      <Filter>Bindable\Private</Filter>
    </ClCompile>
    <ClCompile Include="PixelShader.cpp">
      <Filter>Bindable\Private</Filter>
    </ClCompile>
    <ClCompile Include="Rasterizer.cpp">
      <Filter>Bindable\Private</Filter>
    </ClCompile>
    <ClCompile Include="BindableResourceManager.cpp">
      <Filter>Bindable\Private</Filter>
    </ClCompile>
    <ClCompile Include="Sampler.cpp">
      <Filter>Bindable\Private</Filter>
    </ClCompile>
    <ClCompile Include="Stencil.cpp">
      <Filter>Bindable\Private</Filter>
    </ClCompile>
    <ClCompile Include="Texture.cpp">
      <Filter>Bindable\Private</Filter>
    </ClCompile>
    <ClCompile Include="VertexBuffer.cpp">
      <Filter>Bindable\Private</Filter>
    </ClCompile>
    <ClCompile Include="VertexShader.cpp">
      <Filter>Bindable\Private</Filter>
    </ClCompile>
    <ClCompile Include="TestCube.cpp">
      <Filter>Drawable\Private</Filter>
    </ClCompile>
    <ClCompile Include="TestPlane.cpp">
      <Filter>Drawable\Private</Filter>
    </ClCompile>
    <ClCompile Include="ConstantBufferEx.cpp">
      <Filter>Bindable\Private</Filter>
    </ClCompile>
    <ClCompile Include="BufferResource.cpp">
      <Filter>Bindable\Private</Filter>
    </ClCompile>
    <ClCompile Include="RenderGraph.cpp">
      <Filter>Jobber\Private</Filter>
    </ClCompile>
    <ClCompile Include="Job.cpp">
      <Filter>Jobber\Private</Filter>
    </ClCompile>
    <ClCompile Include="Pass.cpp">
      <Filter>Jobber\Private</Filter>
    </ClCompile>
    <ClCompile Include="Step.cpp">
      <Filter>Jobber\Private</Filter>
    </ClCompile>
    <ClCompile Include="StepLinkingProbe.cpp">
      <Filter>Jobber\Private</Filter>
    </ClCompile>
    <ClCompile Include="Technique.cpp">
      <Filter>Jobber\Private</Filter>
    </ClCompile>
    <ClCompile Include="TechniqueProbe.cpp">
      <Filter>Jobber\Private</Filter>
    </ClCompile>
    <ClCompile Include="DynamicConstant.cpp">
      <Filter>Common\Private</Filter>
    </ClCompile>
    <ClCompile Include="Vertex.cpp">
      <Filter>Common\Private</Filter>
    </ClCompile>
    <ClCompile Include="12">
      <Filter>Common\Private</Filter>
    </ClCompile>
    <ClCompile Include="IDrawable.cpp">
      <Filter>Drawable\Private</Filter>
    </ClCompile>
    <ClCompile Include="IBindable.cpp">
      <Filter>Bindable\Private</Filter>
    </ClCompile>
    <ClCompile Include="NullPixelShader.cpp">
      <Filter>Bindable\Private</Filter>
    </ClCompile>
    <ClCompile Include="DepthStencil.cpp">
      <Filter>Bindable\Private</Filter>
    </ClCompile>
    <ClCompile Include="RenderTarget.cpp">
      <Filter>Bindable\Private</Filter>
    </ClCompile>
    <ClCompile Include="TransformCbuf.cpp">
      <Filter>Bindable\Private</Filter>
    </ClCompile>
    <ClCompile Include="TransformCbufScaling.cpp">
      <Filter>Bindable\Private</Filter>
    </ClCompile>
    <ClCompile Include="FullscreenPass.cpp">
      <Filter>Jobber\Private</Filter>
    </ClCompile>
    <ClCompile Include="BindingPass.cpp">
      <Filter>Jobber\Private</Filter>
    </ClCompile>
    <ClCompile Include="RenderQueuePass.cpp">
      <Filter>Jobber\Private</Filter>
    </ClCompile>
    <ClCompile Include="Sink.cpp">
      <Filter>Jobber\Private</Filter>
    </ClCompile>
    <ClCompile Include="Source.cpp">
      <Filter>Jobber\Private</Filter>
    </ClCompile>
    <ClCompile Include="Surface.cpp">
      <Filter>Jobber\Private</Filter>
    </ClCompile>
    <ClCompile Include="Camera.cpp">
      <Filter>Common\Private</Filter>
    </ClCompile>
    <ClCompile Include="Util.cpp">
      <Filter>Common\Private</Filter>
    </ClCompile>
    <ClCompile Include="Graphics.cpp">
      <Filter>Common\Private</Filter>
    </ClCompile>
    <ClCompile Include="GraphicsResource.cpp">
      <Filter>Common\Private</Filter>
    </ClCompile>
    <ClCompile Include="LayoutCodex.cpp">
      <Filter>Common\Private</Filter>
    </ClCompile>
    <ClCompile Include="pch.cpp">
      <Filter>Common\Private</Filter>
    </ClCompile>
    <ClCompile Include="Material.cpp">
      <Filter>Model\Private</Filter>
    </ClCompile>
    <ClCompile Include="Mesh.cpp">
      <Filter>Model\Private</Filter>
    </ClCompile>
    <ClCompile Include="Model.cpp">
      <Filter>Model\Private</Filter>
    </ClCompile>
    <ClCompile Include="ModelProbe.cpp">
      <Filter>Model\Private</Filter>
    </ClCompile>
    <ClCompile Include="Node.cpp">
      <Filter>Model\Private</Filter>
    </ClCompile>
    <ClCompile Include="IndexedTriangleList.cpp">
      <Filter>Geometry\Private</Filter>
    </ClCompile>
    <ClCompile Include="Plane.cpp">
      <Filter>Geometry\Private</Filter>
    </ClCompile>
    <ClCompile Include="Sphere.cpp">
      <Filter>Geometry\Private</Filter>
    </ClCompile>
    <ClCompile Include="BufferClearPass.cpp">
      <Filter>Jobber\Pass</Filter>
    </ClCompile>
    <ClCompile Include="HorizontalBlurPass.cpp">
      <Filter>Jobber\Pass</Filter>
    </ClCompile>
    <ClCompile Include="VerticalBlurPass.cpp">
      <Filter>Jobber\Pass</Filter>
    </ClCompile>
    <ClCompile Include="BlurOutlineRenderGraph.cpp">
      <Filter>Jobber\RenderGraph</Filter>
    </ClCompile>
    <ClCompile Include="ScaleOutlineRenderGraph.cpp">
      <Filter>Jobber\RenderGraph</Filter>
    </ClCompile>
    <ClCompile Include="SolidSphere.cpp">
      <Filter>Drawable\Private</Filter>
    </ClCompile>
    <ClCompile Include="PointLight.cpp">
      <Filter>Common\Private</Filter>
    </ClCompile>
    <ClCompile Include="MathUtil.cpp">
      <Filter>Common\Private</Filter>
    </ClCompile>
  </ItemGroup>
  <ItemGroup>
    <FxCompile Include="ColorBlendPS.hlsl">
      <Filter>Shader</Filter>
    </FxCompile>
    <FxCompile Include="ColorBlendVS.hlsl">
      <Filter>Shader</Filter>
    </FxCompile>
    <FxCompile Include="ColorIndexPS.hlsl">
      <Filter>Shader</Filter>
    </FxCompile>
    <FxCompile Include="ColorIndexVS.hlsl">
      <Filter>Shader</Filter>
    </FxCompile>
    <FxCompile Include="Blur_PS.hlsl">
      <Filter>Shader</Filter>
    </FxCompile>
    <FxCompile Include="BlurOutline_PS.hlsl">
      <Filter>Shader</Filter>
    </FxCompile>
    <FxCompile Include="Fullscreen_VS.hlsl">
      <Filter>Shader</Filter>
    </FxCompile>
    <FxCompile Include="LightVectorData.hlsl">
      <Filter>Shader</Filter>
    </FxCompile>
    <FxCompile Include="Offset_VS.hlsl">
      <Filter>Shader</Filter>
    </FxCompile>
    <FxCompile Include="Phong_PS.hlsl">
      <Filter>Shader</Filter>
    </FxCompile>
    <FxCompile Include="Phong_VS.hlsl">
      <Filter>Shader</Filter>
    </FxCompile>
    <FxCompile Include="PhongDif_PS.hlsl">
      <Filter>Shader</Filter>
    </FxCompile>
    <FxCompile Include="PhongDif_VS.hlsl">
      <Filter>Shader</Filter>
    </FxCompile>
    <FxCompile Include="PhongDifMskSpcNrm_PS.hlsl">
      <Filter>Shader</Filter>
    </FxCompile>
    <FxCompile Include="PhongDifMskSpcNrm_VS.hlsl">
      <Filter>Shader</Filter>
    </FxCompile>
    <FxCompile Include="PhongDifNrm_PS.hlsl">
      <Filter>Shader</Filter>
    </FxCompile>
    <FxCompile Include="PhongDifNrm_VS.hlsl">
      <Filter>Shader</Filter>
    </FxCompile>
    <FxCompile Include="PhongDifSpc_PS.hlsl">
      <Filter>Shader</Filter>
    </FxCompile>
    <FxCompile Include="PhongDifSpc_VS.hlsl">
      <Filter>Shader</Filter>
    </FxCompile>
    <FxCompile Include="PhongDifSpcNrm_PS.hlsl">
      <Filter>Shader</Filter>
    </FxCompile>
    <FxCompile Include="PhongDifSpcNrm_VS.hlsl">
      <Filter>Shader</Filter>
    </FxCompile>
    <FxCompile Include="PointLight.hlsl">
      <Filter>Shader</Filter>
    </FxCompile>
    <FxCompile Include="ShaderOps.hlsl">
      <Filter>Shader</Filter>
    </FxCompile>
    <FxCompile Include="Solid_PS.hlsl">
      <Filter>Shader</Filter>
    </FxCompile>
    <FxCompile Include="Solid_VS.hlsl">
      <Filter>Shader</Filter>
    </FxCompile>
    <FxCompile Include="Transform.hlsl">
      <Filter>Shader</Filter>
    </FxCompile>
    <FxCompile Include="xPhongDifNro.hlsl">
      <Filter>Shader</Filter>
    </FxCompile>
  </ItemGroup>
  <ItemGroup>
    <Text Include="123">
      <Filter>Common</Filter>
    </Text>
  </ItemGroup>
</Project>